
Microsoft Visual Studio Solution File, Format Version 12.00
# Visual Studio Version 17
VisualStudioVersion = 17.0.31903.59
MinimumVisualStudioVersion = 10.0.40219.1
Project("{FAE04EC0-301F-11D3-BF4B-00C04F79EFBC}") = "TesseractTest", "TesseractTest\TesseractTest.csproj", "{B1E47915-1B83-4D83-8D39-DFEF32EAFCBF}"
EndProject
Global
	GlobalSection(SolutionConfigurationPlatforms) = preSolution
		Debug|Any CPU = Debug|Any CPU
		Release|Any CPU = Release|Any CPU
	EndGlobalSection
	GlobalSection(ProjectConfigurationPlatforms) = postSolution
		{B1E47915-1B83-4D83-8D39-DFEF32EAFCBF}.Debug|Any CPU.ActiveCfg = Debug|Any CPU
		{B1E47915-1B83-4D83-8D39-DFEF32EAFCBF}.Debug|Any CPU.Build.0 = Debug|Any CPU
		{B1E47915-1B83-4D83-8D39-DFEF32EAFCBF}.Release|Any CPU.ActiveCfg = Release|Any CPU
		{B1E47915-1B83-4D83-8D39-DFEF32EAFCBF}.Release|Any CPU.Build.0 = Release|Any CPU
	EndGlobalSection
	GlobalSection(SolutionProperties) = preSolution
		HideSolutionNode = FALSE
	EndGlobalSection
	GlobalSection(ExtensibilityGlobals) = postSolution
		SolutionGuid = {D3730C77-ADD4-46DD-AB72-792BCBC7AB18}
	EndGlobalSection
EndGlobal
